// !$*UTF8*$!
{
	archiveVersion = 1;
	classes = {
	};
	objectVersion = 51;
	objects = {

/* Begin PBXBuildFile section */
		17203F3425B7347B00F83816 /* AppDelegate.swift in Sources */ = {isa = PBXBuildFile; fileRef = 17203F3325B7347B00F83816 /* AppDelegate.swift */; };
		17203F3625B7347B00F83816 /* SceneDelegate.swift in Sources */ = {isa = PBXBuildFile; fileRef = 17203F3525B7347B00F83816 /* SceneDelegate.swift */; };
		17203F3B25B7347B00F83816 /* Main.storyboard in Resources */ = {isa = PBXBuildFile; fileRef = 17203F3925B7347B00F83816 /* Main.storyboard */; };
		17203F3D25B7347E00F83816 /* Assets.xcassets in Resources */ = {isa = PBXBuildFile; fileRef = 17203F3C25B7347E00F83816 /* Assets.xcassets */; };
		17203F4025B7347E00F83816 /* LaunchScreen.storyboard in Resources */ = {isa = PBXBuildFile; fileRef = 17203F3E25B7347E00F83816 /* LaunchScreen.storyboard */; };
		17203F4925B7368000F83816 /* .gitignore in Resources */ = {isa = PBXBuildFile; fileRef = 17203F4825B7368000F83816 /* .gitignore */; };
		17203F4C25B73A6300F83816 /* MainMenuTableViewController.swift in Sources */ = {isa = PBXBuildFile; fileRef = 17203F4B25B73A6300F83816 /* MainMenuTableViewController.swift */; };
		175288A525C0B06500B2BDB4 /* StorageManager.swift in Sources */ = {isa = PBXBuildFile; fileRef = 175288A425C0B06500B2BDB4 /* StorageManager.swift */; };
		1784B10625B9BA59009C58F7 /* ModelMalls.swift in Sources */ = {isa = PBXBuildFile; fileRef = 1784B10525B9BA58009C58F7 /* ModelMalls.swift */; };
		1784B10925BA20CF009C58F7 /* NewMallController.swift in Sources */ = {isa = PBXBuildFile; fileRef = 1784B10825BA20CF009C58F7 /* NewMallController.swift */; };
		17C7EF8D25B8E6B600EE0215 /* TableViewCell.swift in Sources */ = {isa = PBXBuildFile; fileRef = 17C7EF8C25B8E6B600EE0215 /* TableViewCell.swift */; };
		96C755E41473ED4B34928462 /* Pods_malls.framework in Frameworks */ = {isa = PBXBuildFile; fileRef = 65F1C4BDF8FD0F1A14654A85 /* Pods_malls.framework */; };
/* End PBXBuildFile section */

/* Begin PBXFileReference section */
		17203F3025B7347B00F83816 /* malls.app */ = {isa = PBXFileReference; explicitFileType = wrapper.application; includeInIndex = 0; path = malls.app; sourceTree = BUILT_PRODUCTS_DIR; };
		17203F3325B7347B00F83816 /* AppDelegate.swift */ = {isa = PBXFileReference; lastKnownFileType = sourcecode.swift; path = AppDelegate.swift; sourceTree = "<group>"; };
		17203F3525B7347B00F83816 /* SceneDelegate.swift */ = {isa = PBXFileReference; lastKnownFileType = sourcecode.swift; path = SceneDelegate.swift; sourceTree = "<group>"; };
		17203F3A25B7347B00F83816 /* Base */ = {isa = PBXFileReference; lastKnownFileType = file.storyboard; name = Base; path = Base.lproj/Main.storyboard; sourceTree = "<group>"; };
		17203F3C25B7347E00F83816 /* Assets.xcassets */ = {isa = PBXFileReference; lastKnownFileType = folder.assetcatalog; path = Assets.xcassets; sourceTree = "<group>"; };
		17203F3F25B7347E00F83816 /* Base */ = {isa = PBXFileReference; lastKnownFileType = file.storyboard; name = Base; path = Base.lproj/LaunchScreen.storyboard; sourceTree = "<group>"; };
		17203F4125B7347E00F83816 /* Info.plist */ = {isa = PBXFileReference; lastKnownFileType = text.plist.xml; path = Info.plist; sourceTree = "<group>"; };
		17203F4825B7368000F83816 /* .gitignore */ = {isa = PBXFileReference; lastKnownFileType = text; path = .gitignore; sourceTree = "<group>"; };
		17203F4B25B73A6300F83816 /* MainMenuTableViewController.swift */ = {isa = PBXFileReference; lastKnownFileType = sourcecode.swift; path = MainMenuTableViewController.swift; sourceTree = "<group>"; };
		175288A425C0B06500B2BDB4 /* StorageManager.swift */ = {isa = PBXFileReference; lastKnownFileType = sourcecode.swift; path = StorageManager.swift; sourceTree = "<group>"; };
		1784B10525B9BA58009C58F7 /* ModelMalls.swift */ = {isa = PBXFileReference; lastKnownFileType = sourcecode.swift; path = ModelMalls.swift; sourceTree = "<group>"; };
		1784B10825BA20CF009C58F7 /* NewMallController.swift */ = {isa = PBXFileReference; lastKnownFileType = sourcecode.swift; path = NewMallController.swift; sourceTree = "<group>"; };
		17C7EF8C25B8E6B600EE0215 /* TableViewCell.swift */ = {isa = PBXFileReference; lastKnownFileType = sourcecode.swift; path = TableViewCell.swift; sourceTree = "<group>"; };
		65F1C4BDF8FD0F1A14654A85 /* Pods_malls.framework */ = {isa = PBXFileReference; explicitFileType = wrapper.framework; includeInIndex = 0; path = Pods_malls.framework; sourceTree = BUILT_PRODUCTS_DIR; };
		B7D6712D3256BD8CF9FD9046 /* Pods-malls.debug.xcconfig */ = {isa = PBXFileReference; includeInIndex = 1; lastKnownFileType = text.xcconfig; name = "Pods-malls.debug.xcconfig"; path = "Target Support Files/Pods-malls/Pods-malls.debug.xcconfig"; sourceTree = "<group>"; };
		ECAE505DD343966CA2417C1E /* Pods-malls.release.xcconfig */ = {isa = PBXFileReference; includeInIndex = 1; lastKnownFileType = text.xcconfig; name = "Pods-malls.release.xcconfig"; path = "Target Support Files/Pods-malls/Pods-malls.release.xcconfig"; sourceTree = "<group>"; };
/* End PBXFileReference section */

/* Begin PBXFrameworksBuildPhase section */
		17203F2D25B7347B00F83816 /* Frameworks */ = {
			isa = PBXFrameworksBuildPhase;
			buildActionMask = 2147483647;
			files = (
				96C755E41473ED4B34928462 /* Pods_malls.framework in Frameworks */,
			);
			runOnlyForDeploymentPostprocessing = 0;
		};
/* End PBXFrameworksBuildPhase section */

/* Begin PBXGroup section */
		17203F2725B7347B00F83816 = {
			isa = PBXGroup;
			children = (
				17203F3225B7347B00F83816 /* malls */,
				17203F3125B7347B00F83816 /* Products */,
				DE74E479FC1AF95C37D8EB7F /* Pods */,
				66F3AD062653D97701EEA953 /* Frameworks */,
			);
			sourceTree = "<group>";
		};
		17203F3125B7347B00F83816 /* Products */ = {
			isa = PBXGroup;
			children = (
				17203F3025B7347B00F83816 /* malls.app */,
			);
			name = Products;
			sourceTree = "<group>";
		};
		17203F3225B7347B00F83816 /* malls */ = {
			isa = PBXGroup;
			children = (
				17203F4125B7347E00F83816 /* Info.plist */,
				17203F3325B7347B00F83816 /* AppDelegate.swift */,
				17203F3525B7347B00F83816 /* SceneDelegate.swift */,
				17203F3925B7347B00F83816 /* Main.storyboard */,
				175288A825C0CCDF00B2BDB4 /* Manager */,
				1784B10C25BA2413009C58F7 /* Model */,
				1784B10B25BA23F8009C58F7 /* Controllers, Cells */,
				175288A725C0CCD000B2BDB4 /* Suporting files */,
			);
			path = malls;
			sourceTree = "<group>";
		};
		175288A725C0CCD000B2BDB4 /* Suporting files */ = {
			isa = PBXGroup;
			children = (
				17203F3E25B7347E00F83816 /* LaunchScreen.storyboard */,
				17203F3C25B7347E00F83816 /* Assets.xcassets */,
				17203F4825B7368000F83816 /* .gitignore */,
			);
			path = "Suporting files";
			sourceTree = "<group>";
		};
		175288A825C0CCDF00B2BDB4 /* Manager */ = {
			isa = PBXGroup;
			children = (
				175288A425C0B06500B2BDB4 /* StorageManager.swift */,
			);
			path = Manager;
			sourceTree = "<group>";
		};
		1784B10B25BA23F8009C58F7 /* Controllers, Cells */ = {
			isa = PBXGroup;
			children = (
				17C7EF8C25B8E6B600EE0215 /* TableViewCell.swift */,
				1784B10825BA20CF009C58F7 /* NewMallController.swift */,
				17203F4B25B73A6300F83816 /* MainMenuTableViewController.swift */,
			);
			path = "Controllers, Cells";
			sourceTree = "<group>";
		};
		1784B10C25BA2413009C58F7 /* Model */ = {
			isa = PBXGroup;
			children = (
				1784B10525B9BA58009C58F7 /* ModelMalls.swift */,
			);
			path = Model;
			sourceTree = "<group>";
		};
		66F3AD062653D97701EEA953 /* Frameworks */ = {
			isa = PBXGroup;
			children = (
				65F1C4BDF8FD0F1A14654A85 /* Pods_malls.framework */,
			);
			name = Frameworks;
			sourceTree = "<group>";
		};
		DE74E479FC1AF95C37D8EB7F /* Pods */ = {
			isa = PBXGroup;
			children = (
				B7D6712D3256BD8CF9FD9046 /* Pods-malls.debug.xcconfig */,
				ECAE505DD343966CA2417C1E /* Pods-malls.release.xcconfig */,
			);
			path = Pods;
			sourceTree = "<group>";
		};
/* End PBXGroup section */

/* Begin PBXNativeTarget section */
		17203F2F25B7347B00F83816 /* malls */ = {
			isa = PBXNativeTarget;
			buildConfigurationList = 17203F4425B7347E00F83816 /* Build configuration list for PBXNativeTarget "malls" */;
			buildPhases = (
				94D89AEA2676DB739EB88A23 /* [CP] Check Pods Manifest.lock */,
				17203F2C25B7347B00F83816 /* Sources */,
				17203F2D25B7347B00F83816 /* Frameworks */,
				17203F2E25B7347B00F83816 /* Resources */,
				9211D64E7E6E08F4D67570D4 /* [CP] Embed Pods Frameworks */,
			);
			buildRules = (
			);
			dependencies = (
			);
			name = malls;
			productName = malls;
			productReference = 17203F3025B7347B00F83816 /* malls.app */;
			productType = "com.apple.product-type.application";
		};
/* End PBXNativeTarget section */

/* Begin PBXProject section */
		17203F2825B7347B00F83816 /* Project object */ = {
			isa = PBXProject;
			attributes = {
				LastSwiftUpdateCheck = 1200;
				LastUpgradeCheck = 1200;
				TargetAttributes = {
					17203F2F25B7347B00F83816 = {
						CreatedOnToolsVersion = 12.0.1;
					};
				};
			};
			buildConfigurationList = 17203F2B25B7347B00F83816 /* Build configuration list for PBXProject "malls" */;
			compatibilityVersion = "Xcode 9.3";
			developmentRegion = en;
			hasScannedForEncodings = 0;
			knownRegions = (
				en,
				Base,
			);
			mainGroup = 17203F2725B7347B00F83816;
			productRefGroup = 17203F3125B7347B00F83816 /* Products */;
			projectDirPath = "";
			projectRoot = "";
			targets = (
				17203F2F25B7347B00F83816 /* malls */,
			);
		};
/* End PBXProject section */

/* Begin PBXResourcesBuildPhase section */
		17203F2E25B7347B00F83816 /* Resources */ = {
			isa = PBXResourcesBuildPhase;
			buildActionMask = 2147483647;
			files = (
				17203F4925B7368000F83816 /* .gitignore in Resources */,
				17203F4025B7347E00F83816 /* LaunchScreen.storyboard in Resources */,
				17203F3D25B7347E00F83816 /* Assets.xcassets in Resources */,
				17203F3B25B7347B00F83816 /* Main.storyboard in Resources */,
			);
			runOnlyForDeploymentPostprocessing = 0;
		};
/* End PBXResourcesBuildPhase section */

/* Begin PBXShellScriptBuildPhase section */
		9211D64E7E6E08F4D67570D4 /* [CP] Embed Pods Frameworks */ = {
			isa = PBXShellScriptBuildPhase;
			buildActionMask = 2147483647;
			files = (
			);
			inputFileListPaths = (
				"${PODS_ROOT}/Target Support Files/Pods-malls/Pods-malls-frameworks-${CONFIGURATION}-input-files.xcfilelist",
			);
			name = "[CP] Embed Pods Frameworks";
			outputFileListPaths = (
				"${PODS_ROOT}/Target Support Files/Pods-malls/Pods-malls-frameworks-${CONFIGURATION}-output-files.xcfilelist",
			);
			runOnlyForDeploymentPostprocessing = 0;
			shellPath = /bin/sh;
			shellScript = "\"${PODS_ROOT}/Target Support Files/Pods-malls/Pods-malls-frameworks.sh\"\n";
			showEnvVarsInLog = 0;
		};
		94D89AEA2676DB739EB88A23 /* [CP] Check Pods Manifest.lock */ = {
			isa = PBXShellScriptBuildPhase;
			buildActionMask = 2147483647;
			files = (
			);
			inputFileListPaths = (
			);
			inputPaths = (
				"${PODS_PODFILE_DIR_PATH}/Podfile.lock",
				"${PODS_ROOT}/Manifest.lock",
			);
			name = "[CP] Check Pods Manifest.lock";
			outputFileListPaths = (
			);
			outputPaths = (
				"$(DERIVED_FILE_DIR)/Pods-malls-checkManifestLockResult.txt",
			);
			runOnlyForDeploymentPostprocessing = 0;
			shellPath = /bin/sh;
			shellScript = "diff \"${PODS_PODFILE_DIR_PATH}/Podfile.lock\" \"${PODS_ROOT}/Manifest.lock\" > /dev/null\nif [ $? != 0 ] ; then\n    # print error to STDERR\n    echo \"error: The sandbox is not in sync with the Podfile.lock. Run 'pod install' or update your CocoaPods installation.\" >&2\n    exit 1\nfi\n# This output is used by Xcode 'outputs' to avoid re-running this script phase.\necho \"SUCCESS\" > \"${SCRIPT_OUTPUT_FILE_0}\"\n";
			showEnvVarsInLog = 0;
		};
/* End PBXShellScriptBuildPhase section */

/* Begin PBXSourcesBuildPhase section */
		17203F2C25B7347B00F83816 /* Sources */ = {
			isa = PBXSourcesBuildPhase;
			buildActionMask = 2147483647;
			files = (
				1784B10925BA20CF009C58F7 /* NewMallController.swift in Sources */,
				17203F3425B7347B00F83816 /* AppDelegate.swift in Sources */,
				17C7EF8D25B8E6B600EE0215 /* TableViewCell.swift in Sources */,
				175288A525C0B06500B2BDB4 /* StorageManager.swift in Sources */,
				17203F3625B7347B00F83816 /* SceneDelegate.swift in Sources */,
				17203F4C25B73A6300F83816 /* MainMenuTableViewController.swift in Sources */,
				1784B10625B9BA59009C58F7 /* ModelMalls.swift in Sources */,
			);
			runOnlyForDeploymentPostprocessing = 0;
		};
/* End PBXSourcesBuildPhase section */

/* Begin PBXVariantGroup section */
		17203F3925B7347B00F83816 /* Main.storyboard */ = {
			isa = PBXVariantGroup;
			children = (
				17203F3A25B7347B00F83816 /* Base */,
			);
			name = Main.storyboard;
			sourceTree = "<group>";
		};
		17203F3E25B7347E00F83816 /* LaunchScreen.storyboard */ = {
			isa = PBXVariantGroup;
			children = (
				17203F3F25B7347E00F83816 /* Base */,
			);
			name = LaunchScreen.storyboard;
			sourceTree = "<group>";
		};
/* End PBXVariantGroup section */

/* Begin XCBuildConfiguration section */
		17203F4225B7347E00F83816 /* Debug */ = {
			isa = XCBuildConfiguration;
			buildSettings = {
				ALWAYS_SEARCH_USER_PATHS = NO;
				CLANG_ANALYZER_NONNULL = YES;
				CLANG_ANALYZER_NUMBER_OBJECT_CONVERSION = YES_AGGRESSIVE;
				CLANG_CXX_LANGUAGE_STANDARD = "gnu++14";
				CLANG_CXX_LIBRARY = "libc++";
				CLANG_ENABLE_MODULES = YES;
				CLANG_ENABLE_OBJC_ARC = YES;
				CLANG_ENABLE_OBJC_WEAK = YES;
				CLANG_WARN_BLOCK_CAPTURE_AUTORELEASING = YES;
				CLANG_WARN_BOOL_CONVERSION = YES;
				CLANG_WARN_COMMA = YES;
				CLANG_WARN_CONSTANT_CONVERSION = YES;
				CLANG_WARN_DEPRECATED_OBJC_IMPLEMENTATIONS = YES;
				CLANG_WARN_DIRECT_OBJC_ISA_USAGE = YES_ERROR;
				CLANG_WARN_DOCUMENTATION_COMMENTS = YES;
				CLANG_WARN_EMPTY_BODY = YES;
				CLANG_WARN_ENUM_CONVERSION = YES;
				CLANG_WARN_INFINITE_RECURSION = YES;
				CLANG_WARN_INT_CONVERSION = YES;
				CLANG_WARN_NON_LITERAL_NULL_CONVERSION = YES;
				CLANG_WARN_OBJC_IMPLICIT_RETAIN_SELF = YES;
				CLANG_WARN_OBJC_LITERAL_CONVERSION = YES;
				CLANG_WARN_OBJC_ROOT_CLASS = YES_ERROR;
				CLANG_WARN_QUOTED_INCLUDE_IN_FRAMEWORK_HEADER = YES;
				CLANG_WARN_RANGE_LOOP_ANALYSIS = YES;
				CLANG_WARN_STRICT_PROTOTYPES = YES;
				CLANG_WARN_SUSPICIOUS_MOVE = YES;
				CLANG_WARN_UNGUARDED_AVAILABILITY = YES_AGGRESSIVE;
				CLANG_WARN_UNREACHABLE_CODE = YES;
				CLANG_WARN__DUPLICATE_METHOD_MATCH = YES;
				COPY_PHASE_STRIP = NO;
				DEBUG_INFORMATION_FORMAT = dwarf;
				ENABLE_STRICT_OBJC_MSGSEND = YES;
				ENABLE_TESTABILITY = YES;
				GCC_C_LANGUAGE_STANDARD = gnu11;
				GCC_DYNAMIC_NO_PIC = NO;
				GCC_NO_COMMON_BLOCKS = YES;
				GCC_OPTIMIZATION_LEVEL = 0;
				GCC_PREPROCESSOR_DEFINITIONS = (
					"DEBUG=1",
					"$(inherited)",
				);
				GCC_WARN_64_TO_32_BIT_CONVERSION = YES;
				GCC_WARN_ABOUT_RETURN_TYPE = YES_ERROR;
				GCC_WARN_UNDECLARED_SELECTOR = YES;
				GCC_WARN_UNINITIALIZED_AUTOS = YES_AGGRESSIVE;
				GCC_WARN_UNUSED_FUNCTION = YES;
				GCC_WARN_UNUSED_VARIABLE = YES;
				IPHONEOS_DEPLOYMENT_TARGET = 14.0;
				MTL_ENABLE_DEBUG_INFO = INCLUDE_SOURCE;
				MTL_FAST_MATH = YES;
				ONLY_ACTIVE_ARCH = YES;
				SDKROOT = iphoneos;
				SWIFT_ACTIVE_COMPILATION_CONDITIONS = DEBUG;
				SWIFT_OPTIMIZATION_LEVEL = "-Onone";
			};
			name = Debug;
		};
		17203F4325B7347E00F83816 /* Release */ = {
			isa = XCBuildConfiguration;
			buildSettings = {
				ALWAYS_SEARCH_USER_PATHS = NO;
				CLANG_ANALYZER_NONNULL = YES;
				CLANG_ANALYZER_NUMBER_OBJECT_CONVERSION = YES_AGGRESSIVE;
				CLANG_CXX_LANGUAGE_STANDARD = "gnu++14";
				CLANG_CXX_LIBRARY = "libc++";
				CLANG_ENABLE_MODULES = YES;
				CLANG_ENABLE_OBJC_ARC = YES;
				CLANG_ENABLE_OBJC_WEAK = YES;
				CLANG_WARN_BLOCK_CAPTURE_AUTORELEASING = YES;
				CLANG_WARN_BOOL_CONVERSION = YES;
				CLANG_WARN_COMMA = YES;
				CLANG_WARN_CONSTANT_CONVERSION = YES;
				CLANG_WARN_DEPRECATED_OBJC_IMPLEMENTATIONS = YES;
				CLANG_WARN_DIRECT_OBJC_ISA_USAGE = YES_ERROR;
				CLANG_WARN_DOCUMENTATION_COMMENTS = YES;
				CLANG_WARN_EMPTY_BODY = YES;
				CLANG_WARN_ENUM_CONVERSION = YES;
				CLANG_WARN_INFINITE_RECURSION = YES;
				CLANG_WARN_INT_CONVERSION = YES;
				CLANG_WARN_NON_LITERAL_NULL_CONVERSION = YES;
				CLANG_WARN_OBJC_IMPLICIT_RETAIN_SELF = YES;
				CLANG_WARN_OBJC_LITERAL_CONVERSION = YES;
				CLANG_WARN_OBJC_ROOT_CLASS = YES_ERROR;
				CLANG_WARN_QUOTED_INCLUDE_IN_FRAMEWORK_HEADER = YES;
				CLANG_WARN_RANGE_LOOP_ANALYSIS = YES;
				CLANG_WARN_STRICT_PROTOTYPES = YES;
				CLANG_WARN_SUSPICIOUS_MOVE = YES;
				CLANG_WARN_UNGUARDED_AVAILABILITY = YES_AGGRESSIVE;
				CLANG_WARN_UNREACHABLE_CODE = YES;
				CLANG_WARN__DUPLICATE_METHOD_MATCH = YES;
				COPY_PHASE_STRIP = NO;
				DEBUG_INFORMATION_FORMAT = "dwarf-with-dsym";
				ENABLE_NS_ASSERTIONS = NO;
				ENABLE_STRICT_OBJC_MSGSEND = YES;
				GCC_C_LANGUAGE_STANDARD = gnu11;
				GCC_NO_COMMON_BLOCKS = YES;
				GCC_WARN_64_TO_32_BIT_CONVERSION = YES;
				GCC_WARN_ABOUT_RETURN_TYPE = YES_ERROR;
				GCC_WARN_UNDECLARED_SELECTOR = YES;
				GCC_WARN_UNINITIALIZED_AUTOS = YES_AGGRESSIVE;
				GCC_WARN_UNUSED_FUNCTION = YES;
				GCC_WARN_UNUSED_VARIABLE = YES;
				IPHONEOS_DEPLOYMENT_TARGET = 14.0;
				MTL_ENABLE_DEBUG_INFO = NO;
				MTL_FAST_MATH = YES;
				SDKROOT = iphoneos;
				SWIFT_COMPILATION_MODE = wholemodule;
				SWIFT_OPTIMIZATION_LEVEL = "-O";
				VALIDATE_PRODUCT = YES;
			};
			name = Release;
		};
		17203F4525B7347E00F83816 /* Debug */ = {
			isa = XCBuildConfiguration;
			baseConfigurationReference = B7D6712D3256BD8CF9FD9046 /* Pods-malls.debug.xcconfig */;
			buildSettings = {
				ASSETCATALOG_COMPILER_APPICON_NAME = AppIcon;
				ASSETCATALOG_COMPILER_GLOBAL_ACCENT_COLOR_NAME = AccentColor;
				CODE_SIGN_STYLE = Automatic;
				INFOPLIST_FILE = malls/Info.plist;
				LD_RUNPATH_SEARCH_PATHS = (
					"$(inherited)",
					"@executable_path/Frameworks",
				);
				PRODUCT_BUNDLE_IDENTIFIER = ANKD.malls;
				PRODUCT_NAME = "$(TARGET_NAME)";
				SWIFT_VERSION = 5.0;
				TARGETED_DEVICE_FAMILY = "1,2";
			};
			name = Debug;
		};
		17203F4625B7347E00F83816 /* Release */ = {
			isa = XCBuildConfiguration;
			baseConfigurationReference = ECAE505DD343966CA2417C1E /* Pods-malls.release.xcconfig */;
			buildSettings = {
				ASSETCATALOG_COMPILER_APPICON_NAME = AppIcon;
				ASSETCATALOG_COMPILER_GLOBAL_ACCENT_COLOR_NAME = AccentColor;
				CODE_SIGN_STYLE = Automatic;
				INFOPLIST_FILE = malls/Info.plist;
				LD_RUNPATH_SEARCH_PATHS = (
					"$(inherited)",
					"@executable_path/Frameworks",
				);
				PRODUCT_BUNDLE_IDENTIFIER = ANKD.malls;
				PRODUCT_NAME = "$(TARGET_NAME)";
				SWIFT_VERSION = 5.0;
				TARGETED_DEVICE_FAMILY = "1,2";
			};
			name = Release;
		};
/* End XCBuildConfiguration section */

/* Begin XCConfigurationList section */
		17203F2B25B7347B00F83816 /* Build configuration list for PBXProject "malls" */ = {
			isa = XCConfigurationList;
			buildConfigurations = (
				17203F4225B7347E00F83816 /* Debug */,
				17203F4325B7347E00F83816 /* Release */,
			);
			defaultConfigurationIsVisible = 0;
			defaultConfigurationName = Release;
		};
		17203F4425B7347E00F83816 /* Build configuration list for PBXNativeTarget "malls" */ = {
			isa = XCConfigurationList;
			buildConfigurations = (
				17203F4525B7347E00F83816 /* Debug */,
				17203F4625B7347E00F83816 /* Release */,
			);
			defaultConfigurationIsVisible = 0;
			defaultConfigurationName = Release;
		};
/* End XCConfigurationList section */
	};
	rootObject = 17203F2825B7347B00F83816 /* Project object */;
}
